
Microsoft Visual Studio Solution File, Format Version 12.00
# Visual Studio 14
VisualStudioVersion = 14.0.25123.0
MinimumVisualStudioVersion = 10.0.40219.1
Project("{FAE04EC0-301F-11D3-BF4B-00C04F79EFBC}") = "TestingDeployementofTypescript", "TestingDeployementofTypescript\TestingDeployementofTypescript.csproj", "{823E9C5C-9238-4FB4-BD1E-781A78FBB36B}"
EndProject
Global
	GlobalSection(SolutionConfigurationPlatforms) = preSolution
		Debug|Any CPU = Debug|Any CPU
		Release|Any CPU = Release|Any CPU
	EndGlobalSection
	GlobalSection(ProjectConfigurationPlatforms) = postSolution
		{823E9C5C-9238-4FB4-BD1E-781A78FBB36B}.Debug|Any CPU.ActiveCfg = Debug|Any CPU
		{823E9C5C-9238-4FB4-BD1E-781A78FBB36B}.Debug|Any CPU.Build.0 = Debug|Any CPU
		{823E9C5C-9238-4FB4-BD1E-781A78FBB36B}.Release|Any CPU.ActiveCfg = Release|Any CPU
		{823E9C5C-9238-4FB4-BD1E-781A78FBB36B}.Release|Any CPU.Build.0 = Release|Any CPU
	EndGlobalSection
	GlobalSection(SolutionProperties) = preSolution
		HideSolutionNode = FALSE
	EndGlobalSection
EndGlobal
